
Microsoft Visual Studio Solution File, Format Version 12.00
# Visual Studio Version 17
VisualStudioVersion = 17.1.32414.318
MinimumVisualStudioVersion = 10.0.40219.1
Project("{FAE04EC0-301F-11D3-BF4B-00C04F79EFBC}") = "ScrapperExcel", "ScrapperExcel\ScrapperExcel.csproj", "{0351E864-E326-4432-9467-DDD52812FAB7}"
EndProject
Project("{FAE04EC0-301F-11D3-BF4B-00C04F79EFBC}") = "Slah.Domain", "Slah.Domain\Slah.Domain.csproj", "{74A78E70-5A6B-40C3-AA20-5B9FB2B00BFC}"
EndProject
Project("{FAE04EC0-301F-11D3-BF4B-00C04F79EFBC}") = "Slah.Services", "Slah.Services\Slah.Services.csproj", "{AF79789B-39F7-4CF9-848A-2B86524FB447}"
EndProject
Global
	GlobalSection(SolutionConfigurationPlatforms) = preSolution
		Debug|Any CPU = Debug|Any CPU
		Release|Any CPU = Release|Any CPU
	EndGlobalSection
	GlobalSection(ProjectConfigurationPlatforms) = postSolution
		{0351E864-E326-4432-9467-DDD52812FAB7}.Debug|Any CPU.ActiveCfg = Debug|Any CPU
		{0351E864-E326-4432-9467-DDD52812FAB7}.Debug|Any CPU.Build.0 = Debug|Any CPU
		{0351E864-E326-4432-9467-DDD52812FAB7}.Release|Any CPU.ActiveCfg = Release|Any CPU
		{0351E864-E326-4432-9467-DDD52812FAB7}.Release|Any CPU.Build.0 = Release|Any CPU
		{74A78E70-5A6B-40C3-AA20-5B9FB2B00BFC}.Debug|Any CPU.ActiveCfg = Debug|Any CPU
		{74A78E70-5A6B-40C3-AA20-5B9FB2B00BFC}.Debug|Any CPU.Build.0 = Debug|Any CPU
		{74A78E70-5A6B-40C3-AA20-5B9FB2B00BFC}.Release|Any CPU.ActiveCfg = Release|Any CPU
		{74A78E70-5A6B-40C3-AA20-5B9FB2B00BFC}.Release|Any CPU.Build.0 = Release|Any CPU
		{AF79789B-39F7-4CF9-848A-2B86524FB447}.Debug|Any CPU.ActiveCfg = Debug|Any CPU
		{AF79789B-39F7-4CF9-848A-2B86524FB447}.Debug|Any CPU.Build.0 = Debug|Any CPU
		{AF79789B-39F7-4CF9-848A-2B86524FB447}.Release|Any CPU.ActiveCfg = Release|Any CPU
		{AF79789B-39F7-4CF9-848A-2B86524FB447}.Release|Any CPU.Build.0 = Release|Any CPU
	EndGlobalSection
	GlobalSection(SolutionProperties) = preSolution
		HideSolutionNode = FALSE
	EndGlobalSection
	GlobalSection(ExtensibilityGlobals) = postSolution
		SolutionGuid = {10DAB7DE-C56A-4258-BD64-C9D0C792FA7A}
	EndGlobalSection
EndGlobal
